<?xml version="1.0" encoding="utf-8"?>
<Project ToolsVersion="4.0" xmlns="http://schemas.microsoft.com/developer/msbuild/2003">
  <ItemGroup>
    <Filter Include="ソース ファイル">
      <UniqueIdentifier>{4FC737F1-C7A5-4376-A066-2A32D752A2FF}</UniqueIdentifier>
      <Extensions>cpp;c;cc;cxx;def;odl;idl;hpj;bat;asm;asmx</Extensions>
    </Filter>
    <Filter Include="ヘッダー ファイル">
      <UniqueIdentifier>{93995380-89BD-4b04-88EB-625FBE52EBFB}</UniqueIdentifier>
      <Extensions>h;hpp;hxx;hm;inl;inc;xsd</Extensions>
    </Filter>
    <Filter Include="リソース ファイル">
      <UniqueIdentifier>{67DA6AB6-F800-4c08-8B7A-83BB121AAD01}</UniqueIdentifier>
      <Extensions>rc;ico;cur;bmp;dlg;rc2;rct;bin;rgs;gif;jpg;jpeg;jpe;resx;tiff;tif;png;wav;mfcribbon-ms</Extensions>
    </Filter>
  </ItemGroup>
  <ItemGroup>
    <ClInclude Include="cpp&amp;h\CManager.h">
      <Filter>ソース ファイル</Filter>
    </ClInclude>
    <ClInclude Include="cpp&amp;h\CPlayer.h">
      <Filter>ソース ファイル</Filter>
    </ClInclude>
    <ClInclude Include="cpp&amp;h\CGimick.h">
      <Filter>ソース ファイル</Filter>
    </ClInclude>
    <ClInclude Include="cpp&amp;h\CScene.h">
      <Filter>ソース ファイル</Filter>
    </ClInclude>
    <ClInclude Include="cpp&amp;h\CMeshDome.h">
      <Filter>ソース ファイル</Filter>
    </ClInclude>
    <ClInclude Include="cpp&amp;h\CSceneWall.h">
      <Filter>ソース ファイル</Filter>
    </ClInclude>
    <ClInclude Include="cpp&amp;h\CBullet.h">
      <Filter>ソース ファイル</Filter>
    </ClInclude>
    <ClInclude Include="cpp&amp;h\CScene3D.h">
      <Filter>ソース ファイル</Filter>
    </ClInclude>
    <ClInclude Include="cpp&amp;h\CSceneBillboard.h">
      <Filter>ソース ファイル</Filter>
    </ClInclude>
    <ClInclude Include="cpp&amp;h\CSceneField.h">
      <Filter>ソース ファイル</Filter>
    </ClInclude>
    <ClInclude Include="cpp&amp;h\CSceneX.h">
      <Filter>ソース ファイル</Filter>
    </ClInclude>
    <ClInclude Include="cpp&amp;h\CMeshCylinder.h">
      <Filter>ソース ファイル</Filter>
    </ClInclude>
    <ClInclude Include="cpp&amp;h\CScene2D.h">
      <Filter>ソース ファイル</Filter>
    </ClInclude>
    <ClInclude Include="cpp&amp;h\CEnemy.h">
      <Filter>ソース ファイル</Filter>
    </ClInclude>
    <ClInclude Include="cpp&amp;h\CExplotion.h">
      <Filter>ソース ファイル</Filter>
    </ClInclude>
    <ClInclude Include="cpp&amp;h\camera.h">
      <Filter>ソース ファイル</Filter>
    </ClInclude>
    <ClInclude Include="cpp&amp;h\main.h">
      <Filter>ソース ファイル</Filter>
    </ClInclude>
    <ClInclude Include="cpp&amp;h\CInputKeyboad.h">
      <Filter>ソース ファイル</Filter>
    </ClInclude>
    <ClInclude Include="cpp&amp;h\CInput.h">
      <Filter>ソース ファイル</Filter>
    </ClInclude>
    <ClInclude Include="cpp&amp;h\CRenderer.h">
      <Filter>ソース ファイル</Filter>
    </ClInclude>
    <ClInclude Include="cpp&amp;h\light.h">
      <Filter>ソース ファイル</Filter>
    </ClInclude>
    <ClInclude Include="cpp&amp;h\CMeshSphere.h">
      <Filter>ソース ファイル</Filter>
    </ClInclude>
  </ItemGroup>
  <ItemGroup>
    <ClCompile Include="cpp&amp;h\CGimick.cpp">
      <Filter>ソース ファイル</Filter>
    </ClCompile>
    <ClCompile Include="cpp&amp;h\CManager.cpp">
      <Filter>ソース ファイル</Filter>
    </ClCompile>
    <ClCompile Include="cpp&amp;h\CPlayer.cpp">
      <Filter>ソース ファイル</Filter>
    </ClCompile>
    <ClCompile Include="cpp&amp;h\CSceneField.cpp">
      <Filter>ソース ファイル</Filter>
    </ClCompile>
    <ClCompile Include="cpp&amp;h\camera.cpp">
      <Filter>ソース ファイル</Filter>
    </ClCompile>
    <ClCompile Include="cpp&amp;h\CMeshDome.cpp">
      <Filter>ソース ファイル</Filter>
    </ClCompile>
    <ClCompile Include="cpp&amp;h\CSceneWall.cpp">
      <Filter>ソース ファイル</Filter>
    </ClCompile>
    <ClCompile Include="cpp&amp;h\CExplotion.cpp">
      <Filter>ソース ファイル</Filter>
    </ClCompile>
    <ClCompile Include="cpp&amp;h\CBullet.cpp">
      <Filter>ソース ファイル</Filter>
    </ClCompile>
    <ClCompile Include="cpp&amp;h\CSceneX.cpp">
      <Filter>ソース ファイル</Filter>
    </ClCompile>
    <ClCompile Include="cpp&amp;h\CScene2D.cpp">
      <Filter>ソース ファイル</Filter>
    </ClCompile>
    <ClCompile Include="cpp&amp;h\CMeshCylinder.cpp">
      <Filter>ソース ファイル</Filter>
    </ClCompile>
    <ClCompile Include="cpp&amp;h\CEnemy.cpp">
      <Filter>ソース ファイル</Filter>
    </ClCompile>
    <ClCompile Include="cpp&amp;h\CScene3D.cpp">
      <Filter>ソース ファイル</Filter>
    </ClCompile>
    <ClCompile Include="cpp&amp;h\CSceneBillboard.cpp">
      <Filter>ソース ファイル</Filter>
    </ClCompile>
    <ClCompile Include="cpp&amp;h\CScene.cpp">
      <Filter>ソース ファイル</Filter>
    </ClCompile>
    <ClCompile Include="cpp&amp;h\light.cpp">
      <Filter>ソース ファイル</Filter>
    </ClCompile>
    <ClCompile Include="cpp&amp;h\main.cpp">
      <Filter>ソース ファイル</Filter>
    </ClCompile>
    <ClCompile Include="cpp&amp;h\CRenderer.cpp">
      <Filter>ソース ファイル</Filter>
    </ClCompile>
    <ClCompile Include="cpp&amp;h\CInput.cpp">
      <Filter>ソース ファイル</Filter>
    </ClCompile>
    <ClCompile Include="cpp&amp;h\CInputKeyboad.cpp">
      <Filter>ソース ファイル</Filter>
    </ClCompile>
    <ClCompile Include="cpp&amp;h\CMeshSphere.cpp">
      <Filter>ソース ファイル</Filter>
    </ClCompile>
  </ItemGroup>
</Project>